
Microsoft Visual Studio Solution File, Format Version 12.00
# Visual Studio Version 17
VisualStudioVersion = 17.8.34408.163
MinimumVisualStudioVersion = 10.0.40219.1
Project("{54A90642-561A-4BB1-A94E-469ADEE60C69}") = "eshop-frontend", "eshop-frontend\eshop-frontend.esproj", "{25F9A83A-7B4E-4A98-86D2-2EB8912A9782}"
EndProject
Project("{FAE04EC0-301F-11D3-BF4B-00C04F79EFBC}") = "eshop-backend", "eshop-backend\eshop-backend.csproj", "{C51356D4-113E-4047-9109-89D11DB25127}"
EndProject
Global
	GlobalSection(SolutionConfigurationPlatforms) = preSolution
		Debug|Any CPU = Debug|Any CPU
		Release|Any CPU = Release|Any CPU
	EndGlobalSection
	GlobalSection(ProjectConfigurationPlatforms) = postSolution
		{25F9A83A-7B4E-4A98-86D2-2EB8912A9782}.Debug|Any CPU.ActiveCfg = Debug|Any CPU
		{25F9A83A-7B4E-4A98-86D2-2EB8912A9782}.Debug|Any CPU.Build.0 = Debug|Any CPU
		{25F9A83A-7B4E-4A98-86D2-2EB8912A9782}.Debug|Any CPU.Deploy.0 = Debug|Any CPU
		{25F9A83A-7B4E-4A98-86D2-2EB8912A9782}.Release|Any CPU.ActiveCfg = Release|Any CPU
		{25F9A83A-7B4E-4A98-86D2-2EB8912A9782}.Release|Any CPU.Build.0 = Release|Any CPU
		{25F9A83A-7B4E-4A98-86D2-2EB8912A9782}.Release|Any CPU.Deploy.0 = Release|Any CPU
		{C51356D4-113E-4047-9109-89D11DB25127}.Debug|Any CPU.ActiveCfg = Debug|Any CPU
		{C51356D4-113E-4047-9109-89D11DB25127}.Debug|Any CPU.Build.0 = Debug|Any CPU
		{C51356D4-113E-4047-9109-89D11DB25127}.Release|Any CPU.ActiveCfg = Release|Any CPU
		{C51356D4-113E-4047-9109-89D11DB25127}.Release|Any CPU.Build.0 = Release|Any CPU
	EndGlobalSection
	GlobalSection(SolutionProperties) = preSolution
		HideSolutionNode = FALSE
	EndGlobalSection
	GlobalSection(ExtensibilityGlobals) = postSolution
		SolutionGuid = {8810A72E-CDC2-46E0-BA95-6BC7BC2B7CB1}
	EndGlobalSection
EndGlobal
